// !$*UTF8*$!
{
	archiveVersion = 1;
	classes = {
	};
	objectVersion = 50;
	objects = {

/* Begin PBXBuildFile section */
		12F50BA70C3E96242D5F7CE7 /* Pods_Ring.framework in Frameworks */ = {isa = PBXBuildFile; fileRef = 91BE7F00214FA8C27B8F340D /* Pods_Ring.framework */; };
		5A3DDB882279F2220065159A /* ChatLogController.swift in Sources */ = {isa = PBXBuildFile; fileRef = 5A3DDB872279F2220065159A /* ChatLogController.swift */; };
		5A3DDB8A227DA41F0065159A /* Message.swift in Sources */ = {isa = PBXBuildFile; fileRef = 5A3DDB89227DA41F0065159A /* Message.swift */; };
		5A77088D22411EC700F64BB9 /* SignInViewController+handler.swift in Sources */ = {isa = PBXBuildFile; fileRef = 5A77088C22411EC700F64BB9 /* SignInViewController+handler.swift */; };
		5A7F714F225E409D00535740 /* Extension.swift in Sources */ = {isa = PBXBuildFile; fileRef = 5A7F714E225E409D00535740 /* Extension.swift */; };
		5ADF0B3E22CBA2C60041F058 /* ChatMessageCell.swift in Sources */ = {isa = PBXBuildFile; fileRef = 5ADF0B3D22CBA2C60041F058 /* ChatMessageCell.swift */; };
		5AF6F1D022C7B9D5005BB964 /* UserCell.swift in Sources */ = {isa = PBXBuildFile; fileRef = 5AF6F1CF22C7B9D5005BB964 /* UserCell.swift */; };
		D43A3DF9221FCB260042FD1D /* LoginController.swift in Sources */ = {isa = PBXBuildFile; fileRef = D43A3DF8221FCB260042FD1D /* LoginController.swift */; };
		D43A3DFB221FCB4E0042FD1D /* FriendsViewController.swift in Sources */ = {isa = PBXBuildFile; fileRef = D43A3DFA221FCB4E0042FD1D /* FriendsViewController.swift */; };
		D43A3DFD221FCB730042FD1D /* SignInViewController.swift in Sources */ = {isa = PBXBuildFile; fileRef = D43A3DFC221FCB730042FD1D /* SignInViewController.swift */; };
		D483B7FE2216A162001978F9 /* AppDelegate.swift in Sources */ = {isa = PBXBuildFile; fileRef = D483B7FD2216A162001978F9 /* AppDelegate.swift */; };
		D483B8032216A162001978F9 /* Main.storyboard in Resources */ = {isa = PBXBuildFile; fileRef = D483B8012216A162001978F9 /* Main.storyboard */; };
		D483B8062216A162001978F9 /* Ring.xcdatamodeld in Sources */ = {isa = PBXBuildFile; fileRef = D483B8042216A162001978F9 /* Ring.xcdatamodeld */; };
		D483B8082216A163001978F9 /* Assets.xcassets in Resources */ = {isa = PBXBuildFile; fileRef = D483B8072216A163001978F9 /* Assets.xcassets */; };
		D483B80B2216A163001978F9 /* LaunchScreen.storyboard in Resources */ = {isa = PBXBuildFile; fileRef = D483B8092216A163001978F9 /* LaunchScreen.storyboard */; };
		D4E1F898221FD255002E3B86 /* ChatController.swift in Sources */ = {isa = PBXBuildFile; fileRef = D4E1F897221FD255002E3B86 /* ChatController.swift */; };
		D4E1F89A221FD523002E3B86 /* NewChatController.swift in Sources */ = {isa = PBXBuildFile; fileRef = D4E1F899221FD523002E3B86 /* NewChatController.swift */; };
		D4E8952D221FE07800F925CF /* User.swift in Sources */ = {isa = PBXBuildFile; fileRef = D4E8952C221FE07800F925CF /* User.swift */; };
		D4F4C44E221BCC260060BD13 /* GoogleService-Info.plist in Resources */ = {isa = PBXBuildFile; fileRef = D4F4C44D221BCC250060BD13 /* GoogleService-Info.plist */; };
/* End PBXBuildFile section */

/* Begin PBXFileReference section */
		4DE6E89F291199A029B1423F /* Pods-Ring.release.xcconfig */ = {isa = PBXFileReference; includeInIndex = 1; lastKnownFileType = text.xcconfig; name = "Pods-Ring.release.xcconfig"; path = "Pods/Target Support Files/Pods-Ring/Pods-Ring.release.xcconfig"; sourceTree = "<group>"; };
		5A3DDB872279F2220065159A /* ChatLogController.swift */ = {isa = PBXFileReference; lastKnownFileType = sourcecode.swift; path = ChatLogController.swift; sourceTree = "<group>"; };
		5A3DDB89227DA41F0065159A /* Message.swift */ = {isa = PBXFileReference; lastKnownFileType = sourcecode.swift; path = Message.swift; sourceTree = "<group>"; };
		5A77088C22411EC700F64BB9 /* SignInViewController+handler.swift */ = {isa = PBXFileReference; lastKnownFileType = sourcecode.swift; path = "SignInViewController+handler.swift"; sourceTree = "<group>"; };
		5A7F714E225E409D00535740 /* Extension.swift */ = {isa = PBXFileReference; lastKnownFileType = sourcecode.swift; path = Extension.swift; sourceTree = "<group>"; };
		5ADF0B3D22CBA2C60041F058 /* ChatMessageCell.swift */ = {isa = PBXFileReference; lastKnownFileType = sourcecode.swift; path = ChatMessageCell.swift; sourceTree = "<group>"; };
		5AF6F1CF22C7B9D5005BB964 /* UserCell.swift */ = {isa = PBXFileReference; lastKnownFileType = sourcecode.swift; path = UserCell.swift; sourceTree = "<group>"; };
		722E5312AE3C17110EF3250D /* Pods-Ring.debug.xcconfig */ = {isa = PBXFileReference; includeInIndex = 1; lastKnownFileType = text.xcconfig; name = "Pods-Ring.debug.xcconfig"; path = "Pods/Target Support Files/Pods-Ring/Pods-Ring.debug.xcconfig"; sourceTree = "<group>"; };
		91BE7F00214FA8C27B8F340D /* Pods_Ring.framework */ = {isa = PBXFileReference; explicitFileType = wrapper.framework; includeInIndex = 0; path = Pods_Ring.framework; sourceTree = BUILT_PRODUCTS_DIR; };
		D43A3DF8221FCB260042FD1D /* LoginController.swift */ = {isa = PBXFileReference; fileEncoding = 4; lastKnownFileType = sourcecode.swift; path = LoginController.swift; sourceTree = "<group>"; };
		D43A3DFA221FCB4E0042FD1D /* FriendsViewController.swift */ = {isa = PBXFileReference; fileEncoding = 4; lastKnownFileType = sourcecode.swift; path = FriendsViewController.swift; sourceTree = "<group>"; };
		D43A3DFC221FCB730042FD1D /* SignInViewController.swift */ = {isa = PBXFileReference; fileEncoding = 4; lastKnownFileType = sourcecode.swift; path = SignInViewController.swift; sourceTree = "<group>"; };
		D483B7FA2216A162001978F9 /* Ring.app */ = {isa = PBXFileReference; explicitFileType = wrapper.application; includeInIndex = 0; path = Ring.app; sourceTree = BUILT_PRODUCTS_DIR; };
		D483B7FD2216A162001978F9 /* AppDelegate.swift */ = {isa = PBXFileReference; lastKnownFileType = sourcecode.swift; path = AppDelegate.swift; sourceTree = "<group>"; };
		D483B8022216A162001978F9 /* Base */ = {isa = PBXFileReference; lastKnownFileType = file.storyboard; name = Base; path = Base.lproj/Main.storyboard; sourceTree = "<group>"; };
		D483B8052216A162001978F9 /* Ring.xcdatamodel */ = {isa = PBXFileReference; lastKnownFileType = wrapper.xcdatamodel; path = Ring.xcdatamodel; sourceTree = "<group>"; };
		D483B8072216A163001978F9 /* Assets.xcassets */ = {isa = PBXFileReference; lastKnownFileType = folder.assetcatalog; path = Assets.xcassets; sourceTree = "<group>"; };
		D483B80A2216A163001978F9 /* Base */ = {isa = PBXFileReference; lastKnownFileType = file.storyboard; name = Base; path = Base.lproj/LaunchScreen.storyboard; sourceTree = "<group>"; };
		D483B80C2216A163001978F9 /* Info.plist */ = {isa = PBXFileReference; lastKnownFileType = text.plist.xml; path = Info.plist; sourceTree = "<group>"; };
		D4E1F897221FD255002E3B86 /* ChatController.swift */ = {isa = PBXFileReference; lastKnownFileType = sourcecode.swift; path = ChatController.swift; sourceTree = "<group>"; };
		D4E1F899221FD523002E3B86 /* NewChatController.swift */ = {isa = PBXFileReference; lastKnownFileType = sourcecode.swift; path = NewChatController.swift; sourceTree = "<group>"; };
		D4E8952C221FE07800F925CF /* User.swift */ = {isa = PBXFileReference; lastKnownFileType = sourcecode.swift; path = User.swift; sourceTree = "<group>"; };
		D4F4C44D221BCC250060BD13 /* GoogleService-Info.plist */ = {isa = PBXFileReference; fileEncoding = 4; lastKnownFileType = text.plist.xml; path = "GoogleService-Info.plist"; sourceTree = "<group>"; };
/* End PBXFileReference section */

/* Begin PBXFrameworksBuildPhase section */
		D483B7F72216A162001978F9 /* Frameworks */ = {
			isa = PBXFrameworksBuildPhase;
			buildActionMask = 2147483647;
			files = (
				12F50BA70C3E96242D5F7CE7 /* Pods_Ring.framework in Frameworks */,
			);
			runOnlyForDeploymentPostprocessing = 0;
		};
/* End PBXFrameworksBuildPhase section */

/* Begin PBXGroup section */
		5A7F714D225E408600535740 /* Helper */ = {
			isa = PBXGroup;
			children = (
				5A7F714E225E409D00535740 /* Extension.swift */,
			);
			path = Helper;
			sourceTree = "<group>";
		};
		5AF6F1CE22C7B9B2005BB964 /* View */ = {
			isa = PBXGroup;
			children = (
				5AF6F1CF22C7B9D5005BB964 /* UserCell.swift */,
				5ADF0B3D22CBA2C60041F058 /* ChatMessageCell.swift */,
			);
			path = View;
			sourceTree = "<group>";
		};
		A44E5A23F13565A38BC6BDAA /* Frameworks */ = {
			isa = PBXGroup;
			children = (
				91BE7F00214FA8C27B8F340D /* Pods_Ring.framework */,
			);
			name = Frameworks;
			sourceTree = "<group>";
		};
		D483B7F12216A162001978F9 = {
			isa = PBXGroup;
			children = (
				D483B7FC2216A162001978F9 /* Ring */,
				D483B7FB2216A162001978F9 /* Products */,
				E79950F16F8082E422D378CE /* Pods */,
				A44E5A23F13565A38BC6BDAA /* Frameworks */,
			);
			sourceTree = "<group>";
		};
		D483B7FB2216A162001978F9 /* Products */ = {
			isa = PBXGroup;
			children = (
				D483B7FA2216A162001978F9 /* Ring.app */,
			);
			name = Products;
			sourceTree = "<group>";
		};
		D483B7FC2216A162001978F9 /* Ring */ = {
			isa = PBXGroup;
			children = (
				5AF6F1CE22C7B9B2005BB964 /* View */,
				5A7F714D225E408600535740 /* Helper */,
				D4E8952B221FE04C00F925CF /* Model */,
				D4E1F89B221FD53F002E3B86 /* Controller */,
				D483B7FD2216A162001978F9 /* AppDelegate.swift */,
				D483B8012216A162001978F9 /* Main.storyboard */,
				D483B8072216A163001978F9 /* Assets.xcassets */,
				D483B8092216A163001978F9 /* LaunchScreen.storyboard */,
				D483B80C2216A163001978F9 /* Info.plist */,
				D483B8042216A162001978F9 /* Ring.xcdatamodeld */,
				D4F4C44D221BCC250060BD13 /* GoogleService-Info.plist */,
			);
			path = Ring;
			sourceTree = "<group>";
		};
		D4E1F89B221FD53F002E3B86 /* Controller */ = {
			isa = PBXGroup;
			children = (
				D43A3DF8221FCB260042FD1D /* LoginController.swift */,
				D43A3DFC221FCB730042FD1D /* SignInViewController.swift */,
				5A77088C22411EC700F64BB9 /* SignInViewController+handler.swift */,
				D43A3DFA221FCB4E0042FD1D /* FriendsViewController.swift */,
				D4E1F897221FD255002E3B86 /* ChatController.swift */,
				D4E1F899221FD523002E3B86 /* NewChatController.swift */,
				5A3DDB872279F2220065159A /* ChatLogController.swift */,
			);
			path = Controller;
			sourceTree = "<group>";
		};
		D4E8952B221FE04C00F925CF /* Model */ = {
			isa = PBXGroup;
			children = (
				D4E8952C221FE07800F925CF /* User.swift */,
				5A3DDB89227DA41F0065159A /* Message.swift */,
			);
			path = Model;
			sourceTree = "<group>";
		};
		E79950F16F8082E422D378CE /* Pods */ = {
			isa = PBXGroup;
			children = (
				722E5312AE3C17110EF3250D /* Pods-Ring.debug.xcconfig */,
				4DE6E89F291199A029B1423F /* Pods-Ring.release.xcconfig */,
			);
			name = Pods;
			sourceTree = "<group>";
		};
/* End PBXGroup section */

/* Begin PBXNativeTarget section */
		D483B7F92216A162001978F9 /* Ring */ = {
			isa = PBXNativeTarget;
			buildConfigurationList = D483B80F2216A163001978F9 /* Build configuration list for PBXNativeTarget "Ring" */;
			buildPhases = (
				54940633A05CE73DE1415064 /* [CP] Check Pods Manifest.lock */,
				D483B7F62216A162001978F9 /* Sources */,
				D483B7F72216A162001978F9 /* Frameworks */,
				D483B7F82216A162001978F9 /* Resources */,
				9EDC88CADA3E1B9B59497318 /* [CP] Embed Pods Frameworks */,
			);
			buildRules = (
			);
			dependencies = (
			);
			name = Ring;
			productName = Ring;
			productReference = D483B7FA2216A162001978F9 /* Ring.app */;
			productType = "com.apple.product-type.application";
		};
/* End PBXNativeTarget section */

/* Begin PBXProject section */
		D483B7F22216A162001978F9 /* Project object */ = {
			isa = PBXProject;
			attributes = {
				LastSwiftUpdateCheck = 0940;
				LastUpgradeCheck = 0940;
				ORGANIZATIONNAME = pigBrothers;
				TargetAttributes = {
					D483B7F92216A162001978F9 = {
						CreatedOnToolsVersion = 9.4.1;
					};
				};
			};
			buildConfigurationList = D483B7F52216A162001978F9 /* Build configuration list for PBXProject "Ring" */;
			compatibilityVersion = "Xcode 9.3";
			developmentRegion = en;
			hasScannedForEncodings = 0;
			knownRegions = (
				en,
				Base,
			);
			mainGroup = D483B7F12216A162001978F9;
			productRefGroup = D483B7FB2216A162001978F9 /* Products */;
			projectDirPath = "";
			projectRoot = "";
			targets = (
				D483B7F92216A162001978F9 /* Ring */,
			);
		};
/* End PBXProject section */

/* Begin PBXResourcesBuildPhase section */
		D483B7F82216A162001978F9 /* Resources */ = {
			isa = PBXResourcesBuildPhase;
			buildActionMask = 2147483647;
			files = (
				D483B80B2216A163001978F9 /* LaunchScreen.storyboard in Resources */,
				D4F4C44E221BCC260060BD13 /* GoogleService-Info.plist in Resources */,
				D483B8082216A163001978F9 /* Assets.xcassets in Resources */,
				D483B8032216A162001978F9 /* Main.storyboard in Resources */,
			);
			runOnlyForDeploymentPostprocessing = 0;
		};
/* End PBXResourcesBuildPhase section */

/* Begin PBXShellScriptBuildPhase section */
		54940633A05CE73DE1415064 /* [CP] Check Pods Manifest.lock */ = {
			isa = PBXShellScriptBuildPhase;
			buildActionMask = 2147483647;
			files = (
			);
			inputPaths = (
				"${PODS_PODFILE_DIR_PATH}/Podfile.lock",
				"${PODS_ROOT}/Manifest.lock",
			);
			name = "[CP] Check Pods Manifest.lock";
			outputPaths = (
				"$(DERIVED_FILE_DIR)/Pods-Ring-checkManifestLockResult.txt",
			);
			runOnlyForDeploymentPostprocessing = 0;
			shellPath = /bin/sh;
			shellScript = "diff \"${PODS_PODFILE_DIR_PATH}/Podfile.lock\" \"${PODS_ROOT}/Manifest.lock\" > /dev/null\nif [ $? != 0 ] ; then\n    # print error to STDERR\n    echo \"error: The sandbox is not in sync with the Podfile.lock. Run 'pod install' or update your CocoaPods installation.\" >&2\n    exit 1\nfi\n# This output is used by Xcode 'outputs' to avoid re-running this script phase.\necho \"SUCCESS\" > \"${SCRIPT_OUTPUT_FILE_0}\"\n";
			showEnvVarsInLog = 0;
		};
		9EDC88CADA3E1B9B59497318 /* [CP] Embed Pods Frameworks */ = {
			isa = PBXShellScriptBuildPhase;
			buildActionMask = 2147483647;
			files = (
			);
			inputPaths = (
				"${PODS_ROOT}/Target Support Files/Pods-Ring/Pods-Ring-frameworks.sh",
				"${BUILT_PRODUCTS_DIR}/GTMSessionFetcher/GTMSessionFetcher.framework",
				"${BUILT_PRODUCTS_DIR}/GoogleUtilities/GoogleUtilities.framework",
				"${BUILT_PRODUCTS_DIR}/leveldb-library/leveldb.framework",
				"${BUILT_PRODUCTS_DIR}/nanopb/nanopb.framework",
			);
			name = "[CP] Embed Pods Frameworks";
			outputPaths = (
				"${TARGET_BUILD_DIR}/${FRAMEWORKS_FOLDER_PATH}/GTMSessionFetcher.framework",
				"${TARGET_BUILD_DIR}/${FRAMEWORKS_FOLDER_PATH}/GoogleUtilities.framework",
				"${TARGET_BUILD_DIR}/${FRAMEWORKS_FOLDER_PATH}/leveldb.framework",
				"${TARGET_BUILD_DIR}/${FRAMEWORKS_FOLDER_PATH}/nanopb.framework",
			);
			runOnlyForDeploymentPostprocessing = 0;
			shellPath = /bin/sh;
			shellScript = "\"${PODS_ROOT}/Target Support Files/Pods-Ring/Pods-Ring-frameworks.sh\"\n";
			showEnvVarsInLog = 0;
		};
/* End PBXShellScriptBuildPhase section */

/* Begin PBXSourcesBuildPhase section */
		D483B7F62216A162001978F9 /* Sources */ = {
			isa = PBXSourcesBuildPhase;
			buildActionMask = 2147483647;
			files = (
				D43A3DFB221FCB4E0042FD1D /* FriendsViewController.swift in Sources */,
				5AF6F1D022C7B9D5005BB964 /* UserCell.swift in Sources */,
				D43A3DF9221FCB260042FD1D /* LoginController.swift in Sources */,
				D483B7FE2216A162001978F9 /* AppDelegate.swift in Sources */,
				5A77088D22411EC700F64BB9 /* SignInViewController+handler.swift in Sources */,
				5ADF0B3E22CBA2C60041F058 /* ChatMessageCell.swift in Sources */,
				D4E1F89A221FD523002E3B86 /* NewChatController.swift in Sources */,
				5A3DDB882279F2220065159A /* ChatLogController.swift in Sources */,
				5A7F714F225E409D00535740 /* Extension.swift in Sources */,
				D4E8952D221FE07800F925CF /* User.swift in Sources */,
				D43A3DFD221FCB730042FD1D /* SignInViewController.swift in Sources */,
				5A3DDB8A227DA41F0065159A /* Message.swift in Sources */,
				D483B8062216A162001978F9 /* Ring.xcdatamodeld in Sources */,
				D4E1F898221FD255002E3B86 /* ChatController.swift in Sources */,
			);
			runOnlyForDeploymentPostprocessing = 0;
		};
/* End PBXSourcesBuildPhase section */

/* Begin PBXVariantGroup section */
		D483B8012216A162001978F9 /* Main.storyboard */ = {
			isa = PBXVariantGroup;
			children = (
				D483B8022216A162001978F9 /* Base */,
			);
			name = Main.storyboard;
			sourceTree = "<group>";
		};
		D483B8092216A163001978F9 /* LaunchScreen.storyboard */ = {
			isa = PBXVariantGroup;
			children = (
				D483B80A2216A163001978F9 /* Base */,
			);
			name = LaunchScreen.storyboard;
			sourceTree = "<group>";
		};
/* End PBXVariantGroup section */

/* Begin XCBuildConfiguration section */
		D483B80D2216A163001978F9 /* Debug */ = {
			isa = XCBuildConfiguration;
			buildSettings = {
				ALWAYS_SEARCH_USER_PATHS = NO;
				CLANG_ANALYZER_NONNULL = YES;
				CLANG_ANALYZER_NUMBER_OBJECT_CONVERSION = YES_AGGRESSIVE;
				CLANG_CXX_LANGUAGE_STANDARD = "gnu++14";
				CLANG_CXX_LIBRARY = "libc++";
				CLANG_ENABLE_MODULES = YES;
				CLANG_ENABLE_OBJC_ARC = YES;
				CLANG_ENABLE_OBJC_WEAK = YES;
				CLANG_WARN_BLOCK_CAPTURE_AUTORELEASING = YES;
				CLANG_WARN_BOOL_CONVERSION = YES;
				CLANG_WARN_COMMA = YES;
				CLANG_WARN_CONSTANT_CONVERSION = YES;
				CLANG_WARN_DEPRECATED_OBJC_IMPLEMENTATIONS = YES;
				CLANG_WARN_DIRECT_OBJC_ISA_USAGE = YES_ERROR;
				CLANG_WARN_DOCUMENTATION_COMMENTS = YES;
				CLANG_WARN_EMPTY_BODY = YES;
				CLANG_WARN_ENUM_CONVERSION = YES;
				CLANG_WARN_INFINITE_RECURSION = YES;
				CLANG_WARN_INT_CONVERSION = YES;
				CLANG_WARN_NON_LITERAL_NULL_CONVERSION = YES;
				CLANG_WARN_OBJC_IMPLICIT_RETAIN_SELF = YES;
				CLANG_WARN_OBJC_LITERAL_CONVERSION = YES;
				CLANG_WARN_OBJC_ROOT_CLASS = YES_ERROR;
				CLANG_WARN_RANGE_LOOP_ANALYSIS = YES;
				CLANG_WARN_STRICT_PROTOTYPES = YES;
				CLANG_WARN_SUSPICIOUS_MOVE = YES;
				CLANG_WARN_UNGUARDED_AVAILABILITY = YES_AGGRESSIVE;
				CLANG_WARN_UNREACHABLE_CODE = YES;
				CLANG_WARN__DUPLICATE_METHOD_MATCH = YES;
				CODE_SIGN_IDENTITY = "iPhone Developer";
				COPY_PHASE_STRIP = NO;
				DEBUG_INFORMATION_FORMAT = dwarf;
				ENABLE_STRICT_OBJC_MSGSEND = YES;
				ENABLE_TESTABILITY = YES;
				GCC_C_LANGUAGE_STANDARD = gnu11;
				GCC_DYNAMIC_NO_PIC = NO;
				GCC_NO_COMMON_BLOCKS = YES;
				GCC_OPTIMIZATION_LEVEL = 0;
				GCC_PREPROCESSOR_DEFINITIONS = (
					"DEBUG=1",
					"$(inherited)",
				);
				GCC_WARN_64_TO_32_BIT_CONVERSION = YES;
				GCC_WARN_ABOUT_RETURN_TYPE = YES_ERROR;
				GCC_WARN_UNDECLARED_SELECTOR = YES;
				GCC_WARN_UNINITIALIZED_AUTOS = YES_AGGRESSIVE;
				GCC_WARN_UNUSED_FUNCTION = YES;
				GCC_WARN_UNUSED_VARIABLE = YES;
				IPHONEOS_DEPLOYMENT_TARGET = 11.4;
				MTL_ENABLE_DEBUG_INFO = YES;
				ONLY_ACTIVE_ARCH = YES;
				SDKROOT = iphoneos;
				SWIFT_ACTIVE_COMPILATION_CONDITIONS = DEBUG;
				SWIFT_OPTIMIZATION_LEVEL = "-Onone";
			};
			name = Debug;
		};
		D483B80E2216A163001978F9 /* Release */ = {
			isa = XCBuildConfiguration;
			buildSettings = {
				ALWAYS_SEARCH_USER_PATHS = NO;
				CLANG_ANALYZER_NONNULL = YES;
				CLANG_ANALYZER_NUMBER_OBJECT_CONVERSION = YES_AGGRESSIVE;
				CLANG_CXX_LANGUAGE_STANDARD = "gnu++14";
				CLANG_CXX_LIBRARY = "libc++";
				CLANG_ENABLE_MODULES = YES;
				CLANG_ENABLE_OBJC_ARC = YES;
				CLANG_ENABLE_OBJC_WEAK = YES;
				CLANG_WARN_BLOCK_CAPTURE_AUTORELEASING = YES;
				CLANG_WARN_BOOL_CONVERSION = YES;
				CLANG_WARN_COMMA = YES;
				CLANG_WARN_CONSTANT_CONVERSION = YES;
				CLANG_WARN_DEPRECATED_OBJC_IMPLEMENTATIONS = YES;
				CLANG_WARN_DIRECT_OBJC_ISA_USAGE = YES_ERROR;
				CLANG_WARN_DOCUMENTATION_COMMENTS = YES;
				CLANG_WARN_EMPTY_BODY = YES;
				CLANG_WARN_ENUM_CONVERSION = YES;
				CLANG_WARN_INFINITE_RECURSION = YES;
				CLANG_WARN_INT_CONVERSION = YES;
				CLANG_WARN_NON_LITERAL_NULL_CONVERSION = YES;
				CLANG_WARN_OBJC_IMPLICIT_RETAIN_SELF = YES;
				CLANG_WARN_OBJC_LITERAL_CONVERSION = YES;
				CLANG_WARN_OBJC_ROOT_CLASS = YES_ERROR;
				CLANG_WARN_RANGE_LOOP_ANALYSIS = YES;
				CLANG_WARN_STRICT_PROTOTYPES = YES;
				CLANG_WARN_SUSPICIOUS_MOVE = YES;
				CLANG_WARN_UNGUARDED_AVAILABILITY = YES_AGGRESSIVE;
				CLANG_WARN_UNREACHABLE_CODE = YES;
				CLANG_WARN__DUPLICATE_METHOD_MATCH = YES;
				CODE_SIGN_IDENTITY = "iPhone Developer";
				COPY_PHASE_STRIP = NO;
				DEBUG_INFORMATION_FORMAT = "dwarf-with-dsym";
				ENABLE_NS_ASSERTIONS = NO;
				ENABLE_STRICT_OBJC_MSGSEND = YES;
				GCC_C_LANGUAGE_STANDARD = gnu11;
				GCC_NO_COMMON_BLOCKS = YES;
				GCC_WARN_64_TO_32_BIT_CONVERSION = YES;
				GCC_WARN_ABOUT_RETURN_TYPE = YES_ERROR;
				GCC_WARN_UNDECLARED_SELECTOR = YES;
				GCC_WARN_UNINITIALIZED_AUTOS = YES_AGGRESSIVE;
				GCC_WARN_UNUSED_FUNCTION = YES;
				GCC_WARN_UNUSED_VARIABLE = YES;
				IPHONEOS_DEPLOYMENT_TARGET = 11.4;
				MTL_ENABLE_DEBUG_INFO = NO;
				SDKROOT = iphoneos;
				SWIFT_COMPILATION_MODE = wholemodule;
				SWIFT_OPTIMIZATION_LEVEL = "-O";
				VALIDATE_PRODUCT = YES;
			};
			name = Release;
		};
		D483B8102216A163001978F9 /* Debug */ = {
			isa = XCBuildConfiguration;
			baseConfigurationReference = 722E5312AE3C17110EF3250D /* Pods-Ring.debug.xcconfig */;
			buildSettings = {
				ASSETCATALOG_COMPILER_APPICON_NAME = AppIcon;
				CODE_SIGN_STYLE = Automatic;
				DEVELOPMENT_TEAM = RBA83WDHYG;
				INFOPLIST_FILE = Ring/Info.plist;
				LD_RUNPATH_SEARCH_PATHS = (
					"$(inherited)",
					"@executable_path/Frameworks",
				);
				PRODUCT_BUNDLE_IDENTIFIER = com.induk.Ring;
				PRODUCT_NAME = "$(TARGET_NAME)";
				SWIFT_VERSION = 4.0;
				TARGETED_DEVICE_FAMILY = "1,2";
			};
			name = Debug;
		};
		D483B8112216A163001978F9 /* Release */ = {
			isa = XCBuildConfiguration;
			baseConfigurationReference = 4DE6E89F291199A029B1423F /* Pods-Ring.release.xcconfig */;
			buildSettings = {
				ASSETCATALOG_COMPILER_APPICON_NAME = AppIcon;
				CODE_SIGN_STYLE = Automatic;
				DEVELOPMENT_TEAM = RBA83WDHYG;
				INFOPLIST_FILE = Ring/Info.plist;
				LD_RUNPATH_SEARCH_PATHS = (
					"$(inherited)",
					"@executable_path/Frameworks",
				);
				PRODUCT_BUNDLE_IDENTIFIER = com.induk.Ring;
				PRODUCT_NAME = "$(TARGET_NAME)";
				SWIFT_VERSION = 4.0;
				TARGETED_DEVICE_FAMILY = "1,2";
			};
			name = Release;
		};
/* End XCBuildConfiguration section */

/* Begin XCConfigurationList section */
		D483B7F52216A162001978F9 /* Build configuration list for PBXProject "Ring" */ = {
			isa = XCConfigurationList;
			buildConfigurations = (
				D483B80D2216A163001978F9 /* Debug */,
				D483B80E2216A163001978F9 /* Release */,
			);
			defaultConfigurationIsVisible = 0;
			defaultConfigurationName = Release;
		};
		D483B80F2216A163001978F9 /* Build configuration list for PBXNativeTarget "Ring" */ = {
			isa = XCConfigurationList;
			buildConfigurations = (
				D483B8102216A163001978F9 /* Debug */,
				D483B8112216A163001978F9 /* Release */,
			);
			defaultConfigurationIsVisible = 0;
			defaultConfigurationName = Release;
		};
/* End XCConfigurationList section */

/* Begin XCVersionGroup section */
		D483B8042216A162001978F9 /* Ring.xcdatamodeld */ = {
			isa = XCVersionGroup;
			children = (
				D483B8052216A162001978F9 /* Ring.xcdatamodel */,
			);
			currentVersion = D483B8052216A162001978F9 /* Ring.xcdatamodel */;
			path = Ring.xcdatamodeld;
			sourceTree = "<group>";
			versionGroupType = wrapper.xcdatamodel;
		};
/* End XCVersionGroup section */
	};
	rootObject = D483B7F22216A162001978F9 /* Project object */;
}
